
Microsoft Visual Studio Solution File, Format Version 12.00
# Visual Studio 15
VisualStudioVersion = 15.0.28307.168
MinimumVisualStudioVersion = 10.0.40219.1
Project("{FAE04EC0-301F-11D3-BF4B-00C04F79EFBC}") = "snakeCsharp", "snakeCsharp\snakeCsharp.csproj", "{404F3694-D675-4CC4-8EC0-A3F359936B57}"
EndProject
Global
	GlobalSection(SolutionConfigurationPlatforms) = preSolution
		Debug|Any CPU = Debug|Any CPU
		Release|Any CPU = Release|Any CPU
	EndGlobalSection
	GlobalSection(ProjectConfigurationPlatforms) = postSolution
		{404F3694-D675-4CC4-8EC0-A3F359936B57}.Debug|Any CPU.ActiveCfg = Debug|Any CPU
		{404F3694-D675-4CC4-8EC0-A3F359936B57}.Debug|Any CPU.Build.0 = Debug|Any CPU
		{404F3694-D675-4CC4-8EC0-A3F359936B57}.Release|Any CPU.ActiveCfg = Release|Any CPU
		{404F3694-D675-4CC4-8EC0-A3F359936B57}.Release|Any CPU.Build.0 = Release|Any CPU
	EndGlobalSection
	GlobalSection(SolutionProperties) = preSolution
		HideSolutionNode = FALSE
	EndGlobalSection
	GlobalSection(ExtensibilityGlobals) = postSolution
		SolutionGuid = {3F672ABD-D6EA-43E7-A839-46CA69698CA3}
	EndGlobalSection
EndGlobal
